# This is a Gradle generated file for dependency locking.
# Manual edits can break the build and are not advised.
# This file is expected to be part of source control.
org.apiguardian:apiguardian-api:1.1.1
org.jetbrains.kotlin:kotlin-stdlib-common:1.4.20
org.jetbrains.kotlin:kotlin-stdlib-jdk7:1.4.20
org.jetbrains.kotlin:kotlin-stdlib-jdk8:1.4.20
org.jetbrains.kotlin:kotlin-stdlib:1.4.20
org.jetbrains:annotations:13.0
org.junit.jupiter:junit-jupiter-api:5.8.0-M1
org.junit.jupiter:junit-jupiter-engine:5.8.0-M1
org.junit.platform:junit-platform-commons:1.8.0-M1
org.junit.platform:junit-platform-engine:1.8.0-M1
org.junit:junit-bom:5.8.0-M1
org.opentest4j:opentest4j:1.2.0
