# This is a Gradle generated file for dependency locking.
# Manual edits can break the build and are not advised.
# This file is expected to be part of source control.
org.apiguardian:apiguardian-api:1.1.0
org.junit.jupiter:junit-jupiter-api:5.7.0
org.junit.jupiter:junit-jupiter-engine:5.7.0
org.junit.platform:junit-platform-commons:1.7.0
org.junit.platform:junit-platform-engine:1.7.0
org.junit:junit-bom:5.7.0
org.opentest4j:opentest4j:1.2.0
